
Microsoft Visual Studio Solution File, Format Version 12.00
# Visual Studio 15
VisualStudioVersion = 15.0.28307.1022
MinimumVisualStudioVersion = 10.0.40219.1
Project("{8BC9CEB8-8B4A-11D0-8D11-00A0C91BC942}") = "静态链表", "链表\链表.vcxproj", "{7BC1E70F-5CBD-4C6A-88EC-26C9F2E23E64}"
EndProject
Project("{8BC9CEB8-8B4A-11D0-8D11-00A0C91BC942}") = "动态链表", "动态链表\动态链表.vcxproj", "{6DAA4BED-33E5-45C2-A1A5-421DFD55BF36}"
EndProject
Project("{8BC9CEB8-8B4A-11D0-8D11-00A0C91BC942}") = "链表的基本操作", "链表的基本操作\链表的基本操作.vcxproj", "{19E94F26-9A62-4DB3-AABA-0ACF03D29D73}"
EndProject
Global
	GlobalSection(SolutionConfigurationPlatforms) = preSolution
		Debug|x64 = Debug|x64
		Debug|x86 = Debug|x86
		Release|x64 = Release|x64
		Release|x86 = Release|x86
	EndGlobalSection
	GlobalSection(ProjectConfigurationPlatforms) = postSolution
		{7BC1E70F-5CBD-4C6A-88EC-26C9F2E23E64}.Debug|x64.ActiveCfg = Debug|x64
		{7BC1E70F-5CBD-4C6A-88EC-26C9F2E23E64}.Debug|x64.Build.0 = Debug|x64
		{7BC1E70F-5CBD-4C6A-88EC-26C9F2E23E64}.Debug|x86.ActiveCfg = Debug|Win32
		{7BC1E70F-5CBD-4C6A-88EC-26C9F2E23E64}.Debug|x86.Build.0 = Debug|Win32
		{7BC1E70F-5CBD-4C6A-88EC-26C9F2E23E64}.Release|x64.ActiveCfg = Release|x64
		{7BC1E70F-5CBD-4C6A-88EC-26C9F2E23E64}.Release|x64.Build.0 = Release|x64
		{7BC1E70F-5CBD-4C6A-88EC-26C9F2E23E64}.Release|x86.ActiveCfg = Release|Win32
		{7BC1E70F-5CBD-4C6A-88EC-26C9F2E23E64}.Release|x86.Build.0 = Release|Win32
		{6DAA4BED-33E5-45C2-A1A5-421DFD55BF36}.Debug|x64.ActiveCfg = Debug|x64
		{6DAA4BED-33E5-45C2-A1A5-421DFD55BF36}.Debug|x64.Build.0 = Debug|x64
		{6DAA4BED-33E5-45C2-A1A5-421DFD55BF36}.Debug|x86.ActiveCfg = Debug|Win32
		{6DAA4BED-33E5-45C2-A1A5-421DFD55BF36}.Debug|x86.Build.0 = Debug|Win32
		{6DAA4BED-33E5-45C2-A1A5-421DFD55BF36}.Release|x64.ActiveCfg = Release|x64
		{6DAA4BED-33E5-45C2-A1A5-421DFD55BF36}.Release|x64.Build.0 = Release|x64
		{6DAA4BED-33E5-45C2-A1A5-421DFD55BF36}.Release|x86.ActiveCfg = Release|Win32
		{6DAA4BED-33E5-45C2-A1A5-421DFD55BF36}.Release|x86.Build.0 = Release|Win32
		{19E94F26-9A62-4DB3-AABA-0ACF03D29D73}.Debug|x64.ActiveCfg = Debug|x64
		{19E94F26-9A62-4DB3-AABA-0ACF03D29D73}.Debug|x64.Build.0 = Debug|x64
		{19E94F26-9A62-4DB3-AABA-0ACF03D29D73}.Debug|x86.ActiveCfg = Debug|Win32
		{19E94F26-9A62-4DB3-AABA-0ACF03D29D73}.Debug|x86.Build.0 = Debug|Win32
		{19E94F26-9A62-4DB3-AABA-0ACF03D29D73}.Release|x64.ActiveCfg = Release|x64
		{19E94F26-9A62-4DB3-AABA-0ACF03D29D73}.Release|x64.Build.0 = Release|x64
		{19E94F26-9A62-4DB3-AABA-0ACF03D29D73}.Release|x86.ActiveCfg = Release|Win32
		{19E94F26-9A62-4DB3-AABA-0ACF03D29D73}.Release|x86.Build.0 = Release|Win32
	EndGlobalSection
	GlobalSection(SolutionProperties) = preSolution
		HideSolutionNode = FALSE
	EndGlobalSection
	GlobalSection(ExtensibilityGlobals) = postSolution
		SolutionGuid = {5A61A490-DFE2-41C5-BA92-7C8FFA01C5D2}
	EndGlobalSection
EndGlobal
